
Microsoft Visual Studio Solution File, Format Version 12.00
# Visual Studio Version 16
VisualStudioVersion = 16.0.30320.27
MinimumVisualStudioVersion = 10.0.40219.1
Project("{FAE04EC0-301F-11D3-BF4B-00C04F79EFBC}") = "NaijaBank", "NaijaBank\NaijaBank.csproj", "{CB11D0F9-D218-4FD4-975E-53FD65555C18}"
EndProject
Global
	GlobalSection(SolutionConfigurationPlatforms) = preSolution
		Debug|Any CPU = Debug|Any CPU
		Release|Any CPU = Release|Any CPU
	EndGlobalSection
	GlobalSection(ProjectConfigurationPlatforms) = postSolution
		{CB11D0F9-D218-4FD4-975E-53FD65555C18}.Debug|Any CPU.ActiveCfg = Debug|Any CPU
		{CB11D0F9-D218-4FD4-975E-53FD65555C18}.Debug|Any CPU.Build.0 = Debug|Any CPU
		{CB11D0F9-D218-4FD4-975E-53FD65555C18}.Release|Any CPU.ActiveCfg = Release|Any CPU
		{CB11D0F9-D218-4FD4-975E-53FD65555C18}.Release|Any CPU.Build.0 = Release|Any CPU
	EndGlobalSection
	GlobalSection(SolutionProperties) = preSolution
		HideSolutionNode = FALSE
	EndGlobalSection
	GlobalSection(ExtensibilityGlobals) = postSolution
		SolutionGuid = {61DB8CA9-D674-4777-B8AD-F6116AFB28DF}
	EndGlobalSection
EndGlobal
